
Microsoft Visual Studio Solution File, Format Version 12.00
# Visual Studio 15
VisualStudioVersion = 15.0.28307.1525
MinimumVisualStudioVersion = 10.0.40219.1
Project("{FAE04EC0-301F-11D3-BF4B-00C04F79EFBC}") = "MyCalculator_V2.0", "MyCalculator_V2.0\MyCalculator_V2.0.csproj", "{3660F67D-583B-42FE-9E6A-538B683A3FA6}"
EndProject
Global
	GlobalSection(SolutionConfigurationPlatforms) = preSolution
		Debug|Any CPU = Debug|Any CPU
		Release|Any CPU = Release|Any CPU
	EndGlobalSection
	GlobalSection(ProjectConfigurationPlatforms) = postSolution
		{3660F67D-583B-42FE-9E6A-538B683A3FA6}.Debug|Any CPU.ActiveCfg = Debug|Any CPU
		{3660F67D-583B-42FE-9E6A-538B683A3FA6}.Debug|Any CPU.Build.0 = Debug|Any CPU
		{3660F67D-583B-42FE-9E6A-538B683A3FA6}.Release|Any CPU.ActiveCfg = Release|Any CPU
		{3660F67D-583B-42FE-9E6A-538B683A3FA6}.Release|Any CPU.Build.0 = Release|Any CPU
	EndGlobalSection
	GlobalSection(SolutionProperties) = preSolution
		HideSolutionNode = FALSE
	EndGlobalSection
	GlobalSection(ExtensibilityGlobals) = postSolution
		SolutionGuid = {F92EA6B7-2D07-4811-8900-2E619469400D}
	EndGlobalSection
EndGlobal
